{
  "version": 4,
  "terraform_version": "0.14.3",
  "serial": 16,
  "lineage": "b8d17fe4-4cc4-d110-4e1c-6e45cd499b0d",
  "outputs": {
    "kubernetes_cluster_name": {
      "value": "coastal-stone-gke",
      "type": "string"
    }
  },
  "resources": [
    {
      "mode": "managed",
      "type": "google_container_cluster",
      "name": "primary",
      "provider": "provider[\"registry.terraform.io/hashicorp/google\"]",
      "instances": [
        {
          "schema_version": 1,
          "attributes": {
            "addons_config": [
              {
                "cloudrun_config": [],
                "horizontal_pod_autoscaling": [],
                "http_load_balancing": [],
                "network_policy_config": [
                  {
                    "disabled": true
                  }
                ]
              }
            ],
            "authenticator_groups_config": [],
            "cluster_autoscaling": [
              {
                "auto_provisioning_defaults": [],
                "enabled": false,
                "resource_limits": []
              }
            ],
            "cluster_ipv4_cidr": "10.36.0.0/14",
            "database_encryption": [
              {
                "key_name": "",
                "state": "DECRYPTED"
              }
            ],
            "default_max_pods_per_node": null,
            "description": "",
            "enable_binary_authorization": false,
            "enable_intranode_visibility": null,
            "enable_kubernetes_alpha": false,
            "enable_legacy_abac": false,
            "enable_shielded_nodes": false,
            "enable_tpu": null,
            "endpoint": "35.242.251.170",
            "id": "projects/coastal-stone/locations/europe-west3-a/clusters/coastal-stone-gke",
            "initial_node_count": 1,
            "instance_group_urls": [
              "https://www.googleapis.com/compute/v1/projects/coastal-stone/zones/europe-west3-a/instanceGroups/gke-coastal-stone-gk-coastal-stone-gk-85ef5d9a-grp"
            ],
            "ip_allocation_policy": [],
            "label_fingerprint": "a9dc16a7",
            "location": "europe-west3-a",
            "logging_service": "logging.googleapis.com/kubernetes",
            "maintenance_policy": [],
            "master_auth": [
              {
                "client_certificate": "",
                "client_certificate_config": [
                  {
                    "issue_client_certificate": false
                  }
                ],
                "client_key": "",
                "cluster_ca_certificate": "LS0tLS1CRUdJTiBDRVJUSUZJQ0FURS0tLS0tCk1JSURLekNDQWhPZ0F3SUJBZ0lSQU5BSmZoWmgwTGVGL1FVZk9ZUkJYWU13RFFZSktvWklodmNOQVFFTEJRQXcKTHpFdE1Dc0dBMVVFQXhNa01ESXdNV1JpTURBdE5tUTRaaTAwWm1WaExXRmpNamN0WWpaa01EVTVOakF6WmpjNApNQjRYRFRJeE1ERXdNekl4TlRRek4xb1hEVEkyTURFd01qSXlOVFF6TjFvd0x6RXRNQ3NHQTFVRUF4TWtNREl3Ck1XUmlNREF0Tm1RNFppMDBabVZoTFdGak1qY3RZalprTURVNU5qQXpaamM0TUlJQklqQU5CZ2txaGtpRzl3MEIKQVFFRkFBT0NBUThBTUlJQkNnS0NBUUVBelBtYlB0d1ZQa0xoOW9Dc0tmeWpicVJ4b3YxSzNQOTNQMnE4QWgzRApkMmVTTXptOVlUN0JKV1pDTW1PUjJ5bUZ1Z3AwdXkxUFdVYTJaeVoyaVdZa0dJclkzZE9TaUt1UHg4OER2cG5qClA5U1MrQTdpR2NVV2k3MWwyYlhtM2lDZkdIdXlwTjA2a1dhbXNZdGdwTEhqRFJ1SFo5U0t1YXQ3MlgxME9IRGIKSXJrSHBNL2o4UEJkRU0zUGlWVjVWZVAwZHd4NFl4TjBhMjk4OXFoYVd6eUNpVzVxNnI4WTNleHBsckxUa3l5VgpxUWtLUWtyZHhSazQzVElqcXRVS3NJd0l3aWxtWDVsR0xSK0gyU1I3WmNoTnBvZU80aGI4WU9ROHNLR1FDNXN5CnAyWGQyNmk3MEt1SlpBcmJNQXdpT2FyeWVJQWNCSk5lVFVFeS9tTURvRUcyMndJREFRQUJvMEl3UURBT0JnTlYKSFE4QkFmOEVCQU1DQWdRd0R3WURWUjBUQVFIL0JBVXdBd0VCL3pBZEJnTlZIUTRFRmdRVWZSM0FWR0JRMktkTQpkMERSVWk5VThQZ3o1ZkF3RFFZSktvWklodmNOQVFFTEJRQURnZ0VCQUwyQmljTVlyTDIyZGF1UXlQZGNuczBBCnhucTJEcXVZVDFLeUNlUzFUK3FFT3Zqbno0LzZjMjFmODdJN0lmQitSV0JsQ1ZDaFo0eE52RkNvbWN5TUZuNGcKZWRzUlkzZHMyeTFqZzAxSlRDRHJkQnVNUFllMi94Y3I4SVEyWk9nSm1hbWNxNFQ4TWZKeWE3TXhzSUZ6Z3hROQpWa1pkdkF4QVZ5d1RNbmlBbC9JaTYxRTEwSzBIYUZyblZlYkM2LzY2MVloSU1vdkdsQk15bUZlTmtNc1BpRmlICm1SemFvaVFZckd3ZWtoQXExMkhSVHNiUDBsMjFob1FJeEhrcWNRaXo2UXErZlV6ajlmMHBmclJPem56NFlqcFcKRklQYmh2U3BKRis4TUs4L0RIY2pYdnlhVmhLQVdhZHVVWWpQNFNoRDBjUEd0MFVFVVgzWmF0YmY3WDk1NHRvPQotLS0tLUVORCBDRVJUSUZJQ0FURS0tLS0tCg==",
                "password": "",
                "username": ""
              }
            ],
            "master_authorized_networks_config": [],
            "master_version": "1.16.15-gke.4901",
            "min_master_version": null,
            "monitoring_service": "monitoring.googleapis.com/kubernetes",
            "name": "coastal-stone-gke",
            "network": "projects/coastal-stone/global/networks/default",
            "network_policy": [
              {
                "enabled": false,
                "provider": "PROVIDER_UNSPECIFIED"
              }
            ],
            "node_config": [
              {
                "disk_size_gb": 30,
                "disk_type": "pd-standard",
                "guest_accelerator": [],
                "image_type": "COS",
                "labels": {
                  "env": "coastal-stone"
                },
                "local_ssd_count": 0,
                "machine_type": "n1-standard-4",
                "metadata": {
                  "disable-legacy-endpoints": "true"
                },
                "min_cpu_platform": "",
                "oauth_scopes": [
                  "https://www.googleapis.com/auth/cloud-platform",
                  "https://www.googleapis.com/auth/logging.write",
                  "https://www.googleapis.com/auth/monitoring"
                ],
                "preemptible": false,
                "service_account": "xflats-app@coastal-stone.iam.gserviceaccount.com",
                "shielded_instance_config": [
                  {
                    "enable_integrity_monitoring": true,
                    "enable_secure_boot": false
                  }
                ],
                "tags": [
                  "gke-node",
                  "coastal-stone-gke"
                ],
                "taint": [],
                "workload_metadata_config": []
              }
            ],
            "node_locations": [],
            "node_pool": [
              {
                "autoscaling": [],
                "initial_node_count": 1,
                "instance_group_urls": [
                  "https://www.googleapis.com/compute/v1/projects/coastal-stone/zones/europe-west3-a/instanceGroupManagers/gke-coastal-stone-gk-coastal-stone-gk-85ef5d9a-grp"
                ],
                "management": [
                  {
                    "auto_repair": true,
                    "auto_upgrade": true
                  }
                ],
                "max_pods_per_node": 0,
                "name": "coastal-stone-gke-node-pool",
                "name_prefix": "",
                "node_config": [
                  {
                    "disk_size_gb": 30,
                    "disk_type": "pd-standard",
                    "guest_accelerator": [],
                    "image_type": "COS",
                    "labels": {
                      "env": "coastal-stone"
                    },
                    "local_ssd_count": 0,
                    "machine_type": "n1-standard-4",
                    "metadata": {
                      "disable-legacy-endpoints": "true"
                    },
                    "min_cpu_platform": "",
                    "oauth_scopes": [
                      "https://www.googleapis.com/auth/cloud-platform",
                      "https://www.googleapis.com/auth/logging.write",
                      "https://www.googleapis.com/auth/monitoring"
                    ],
                    "preemptible": false,
                    "service_account": "xflats-app@coastal-stone.iam.gserviceaccount.com",
                    "shielded_instance_config": [
                      {
                        "enable_integrity_monitoring": true,
                        "enable_secure_boot": false
                      }
                    ],
                    "tags": [
                      "gke-node",
                      "coastal-stone-gke"
                    ],
                    "taint": [],
                    "workload_metadata_config": []
                  }
                ],
                "node_count": 1,
                "node_locations": [
                  "europe-west3-a"
                ],
                "upgrade_settings": [
                  {
                    "max_surge": 1,
                    "max_unavailable": 0
                  }
                ],
                "version": "1.16.15-gke.4901"
              }
            ],
            "node_version": "1.16.15-gke.4901",
            "operation": null,
            "pod_security_policy_config": [],
            "private_cluster_config": [],
            "project": "coastal-stone",
            "release_channel": [
              {
                "channel": "UNSPECIFIED"
              }
            ],
            "remove_default_node_pool": true,
            "resource_labels": {},
            "resource_usage_export_config": [],
            "self_link": "https://container.googleapis.com/v1beta1/projects/coastal-stone/zones/europe-west3-a/clusters/coastal-stone-gke",
            "services_ipv4_cidr": "10.39.240.0/20",
            "subnetwork": "projects/coastal-stone/regions/europe-west3/subnetworks/default",
            "timeouts": null,
            "vertical_pod_autoscaling": [],
            "workload_identity_config": []
          },
          "sensitive_attributes": [],
          "private": "eyJlMmJmYjczMC1lY2FhLTExZTYtOGY4OC0zNDM2M2JjN2M0YzAiOnsiY3JlYXRlIjoyNDAwMDAwMDAwMDAwLCJkZWxldGUiOjI0MDAwMDAwMDAwMDAsInJlYWQiOjI0MDAwMDAwMDAwMDAsInVwZGF0ZSI6MzYwMDAwMDAwMDAwMH0sInNjaGVtYV92ZXJzaW9uIjoiMSJ9"
        }
      ]
    },
    {
      "mode": "managed",
      "type": "google_container_node_pool",
      "name": "primary_nodes",
      "provider": "provider[\"registry.terraform.io/hashicorp/google\"]",
      "instances": [
        {
          "schema_version": 1,
          "attributes": {
            "autoscaling": [],
            "cluster": "coastal-stone-gke",
            "id": "projects/coastal-stone/locations/europe-west3-a/clusters/coastal-stone-gke/nodePools/coastal-stone-gke-node-pool",
            "initial_node_count": 1,
            "instance_group_urls": [
              "https://www.googleapis.com/compute/v1/projects/coastal-stone/zones/europe-west3-a/instanceGroupManagers/gke-coastal-stone-gk-coastal-stone-gk-85ef5d9a-grp"
            ],
            "location": "europe-west3-a",
            "management": [
              {
                "auto_repair": true,
                "auto_upgrade": true
              }
            ],
            "max_pods_per_node": null,
            "name": "coastal-stone-gke-node-pool",
            "name_prefix": "",
            "node_config": [
              {
                "disk_size_gb": 30,
                "disk_type": "pd-standard",
                "guest_accelerator": [],
                "image_type": "COS",
                "labels": {
                  "env": "coastal-stone"
                },
                "local_ssd_count": 0,
                "machine_type": "n1-standard-4",
                "metadata": {
                  "disable-legacy-endpoints": "true"
                },
                "min_cpu_platform": "",
                "oauth_scopes": [
                  "https://www.googleapis.com/auth/cloud-platform",
                  "https://www.googleapis.com/auth/logging.write",
                  "https://www.googleapis.com/auth/monitoring"
                ],
                "preemptible": false,
                "service_account": "xflats-app@coastal-stone.iam.gserviceaccount.com",
                "shielded_instance_config": [
                  {
                    "enable_integrity_monitoring": true,
                    "enable_secure_boot": false
                  }
                ],
                "tags": [
                  "gke-node",
                  "coastal-stone-gke"
                ],
                "taint": [],
                "workload_metadata_config": []
              }
            ],
            "node_count": 1,
            "node_locations": [
              "europe-west3-a"
            ],
            "project": "coastal-stone",
            "timeouts": null,
            "upgrade_settings": [
              {
                "max_surge": 1,
                "max_unavailable": 0
              }
            ],
            "version": "1.16.15-gke.4901"
          },
          "sensitive_attributes": [],
          "private": "eyJlMmJmYjczMC1lY2FhLTExZTYtOGY4OC0zNDM2M2JjN2M0YzAiOnsiY3JlYXRlIjoxODAwMDAwMDAwMDAwLCJkZWxldGUiOjE4MDAwMDAwMDAwMDAsInVwZGF0ZSI6MTgwMDAwMDAwMDAwMH0sInNjaGVtYV92ZXJzaW9uIjoiMSJ9",
          "dependencies": [
            "google_container_cluster.primary"
          ]
        }
      ]
    },
    {
      "mode": "managed",
      "type": "google_storage_bucket",
      "name": "flats",
      "provider": "provider[\"registry.terraform.io/hashicorp/google\"]",
      "instances": [
        {
          "schema_version": 0,
          "attributes": {
            "bucket_policy_only": true,
            "cors": [],
            "default_event_based_hold": false,
            "encryption": [],
            "force_destroy": true,
            "id": "coastal-stone-flats",
            "labels": null,
            "lifecycle_rule": [],
            "location": "EUROPE-WEST3",
            "logging": [],
            "name": "coastal-stone-flats",
            "project": "coastal-stone",
            "requester_pays": false,
            "retention_policy": [],
            "self_link": "https://www.googleapis.com/storage/v1/b/coastal-stone-flats",
            "storage_class": "STANDARD",
            "uniform_bucket_level_access": true,
            "url": "gs://coastal-stone-flats",
            "versioning": [],
            "website": []
          },
          "sensitive_attributes": [],
          "private": "bnVsbA=="
        }
      ]
    },
    {
      "mode": "managed",
      "type": "local_file",
      "name": "foo",
      "provider": "provider[\"registry.terraform.io/hashicorp/local\"]",
      "instances": [
        {
          "schema_version": 0,
          "attributes": {
            "content": "coastal-stone-flats",
            "content_base64": null,
            "directory_permission": "0777",
            "file_permission": "0777",
            "filename": "./bucket_names.txt",
            "id": "02f2595d631cce03bad1a61742b8013db8924763",
            "sensitive_content": null,
            "source": null
          },
          "sensitive_attributes": [],
          "private": "bnVsbA==",
          "dependencies": [
            "google_storage_bucket.flats"
          ]
        }
      ]
    }
  ]
}
