{
  "version": 4,
  "terraform_version": "0.14.3",
  "serial": 8,
  "lineage": "b8d17fe4-4cc4-d110-4e1c-6e45cd499b0d",
  "outputs": {
    "kubernetes_cluster_name": {
      "value": "coastal-stone-gke",
      "type": "string"
    }
  },
  "resources": [
    {
      "mode": "managed",
      "type": "google_compute_network",
      "name": "vpc",
      "provider": "provider[\"registry.terraform.io/hashicorp/google\"]",
      "instances": [
        {
          "schema_version": 0,
          "attributes": {
            "auto_create_subnetworks": false,
            "delete_default_routes_on_create": false,
            "description": "",
            "gateway_ipv4": "",
            "id": "projects/coastal-stone/global/networks/coastal-stone-vpc",
            "mtu": 0,
            "name": "coastal-stone-vpc",
            "project": "coastal-stone",
            "routing_mode": "REGIONAL",
            "self_link": "https://www.googleapis.com/compute/v1/projects/coastal-stone/global/networks/coastal-stone-vpc",
            "timeouts": null
          },
          "sensitive_attributes": [],
          "private": "eyJlMmJmYjczMC1lY2FhLTExZTYtOGY4OC0zNDM2M2JjN2M0YzAiOnsiY3JlYXRlIjoyNDAwMDAwMDAwMDAsImRlbGV0ZSI6MjQwMDAwMDAwMDAwLCJ1cGRhdGUiOjI0MDAwMDAwMDAwMH19"
        }
      ]
    },
    {
      "mode": "managed",
      "type": "google_compute_subnetwork",
      "name": "subnet",
      "provider": "provider[\"registry.terraform.io/hashicorp/google\"]",
      "instances": [
        {
          "schema_version": 0,
          "attributes": {
            "creation_timestamp": "2021-01-03T14:30:20.084-08:00",
            "description": "",
            "fingerprint": null,
            "gateway_address": "10.10.0.1",
            "id": "projects/coastal-stone/regions/europe-west3/subnetworks/coastal-stone-subnet",
            "ip_cidr_range": "10.10.0.0/24",
            "log_config": [],
            "name": "coastal-stone-subnet",
            "network": "https://www.googleapis.com/compute/v1/projects/coastal-stone/global/networks/coastal-stone-vpc",
            "private_ip_google_access": false,
            "private_ipv6_google_access": "DISABLE_GOOGLE_ACCESS",
            "project": "coastal-stone",
            "region": "europe-west3",
            "secondary_ip_range": [],
            "self_link": "https://www.googleapis.com/compute/v1/projects/coastal-stone/regions/europe-west3/subnetworks/coastal-stone-subnet",
            "timeouts": null
          },
          "sensitive_attributes": []
        }
      ]
    },
    {
      "mode": "managed",
      "type": "google_container_cluster",
      "name": "primary",
      "provider": "provider[\"registry.terraform.io/hashicorp/google\"]",
      "instances": [
        {
          "schema_version": 1,
          "attributes": {
            "addons_config": [
              {
                "cloudrun_config": [],
                "horizontal_pod_autoscaling": [],
                "http_load_balancing": [],
                "network_policy_config": [
                  {
                    "disabled": true
                  }
                ]
              }
            ],
            "authenticator_groups_config": [],
            "cluster_autoscaling": [
              {
                "auto_provisioning_defaults": [],
                "enabled": false,
                "resource_limits": []
              }
            ],
            "cluster_ipv4_cidr": "10.0.0.0/14",
            "database_encryption": [
              {
                "key_name": "",
                "state": "DECRYPTED"
              }
            ],
            "default_max_pods_per_node": null,
            "description": "",
            "enable_binary_authorization": false,
            "enable_intranode_visibility": null,
            "enable_kubernetes_alpha": false,
            "enable_legacy_abac": false,
            "enable_shielded_nodes": false,
            "enable_tpu": null,
            "endpoint": "35.234.74.78",
            "id": "projects/coastal-stone/locations/europe-west3/clusters/coastal-stone-gke",
            "initial_node_count": 1,
            "instance_group_urls": [],
            "ip_allocation_policy": [],
            "label_fingerprint": "a9dc16a7",
            "location": "europe-west3",
            "logging_service": "logging.googleapis.com/kubernetes",
            "maintenance_policy": [],
            "master_auth": [
              {
                "client_certificate": "",
                "client_certificate_config": [
                  {
                    "issue_client_certificate": false
                  }
                ],
                "client_key": "",
                "cluster_ca_certificate": "LS0tLS1CRUdJTiBDRVJUSUZJQ0FURS0tLS0tCk1JSURLakNDQWhLZ0F3SUJBZ0lRVzB0NnVFN3o0bTQ1d3MxRGpEMGdXekFOQmdrcWhraUc5dzBCQVFzRkFEQXYKTVMwd0t3WURWUVFERXlRMVl6azNZMkZrT0MwM05UQTBMVFJrWVdFdFltRXlOeTFsTURnek56YzBNMkZoTlRZdwpIaGNOTWpFd01UQXpNakUwTlRNeVdoY05Nall3TVRBeU1qSTBOVE15V2pBdk1TMHdLd1lEVlFRREV5UTFZemszClkyRmtPQzAzTlRBMExUUmtZV0V0WW1FeU55MWxNRGd6TnpjME0yRmhOVFl3Z2dFaU1BMEdDU3FHU0liM0RRRUIKQVFVQUE0SUJEd0F3Z2dFS0FvSUJBUUREblh6UmVyTTZSWGt4OE41M0NhcHVXQUxvbUF2WHRDOXhpbHJrdFRLcwpPWnR1Yk1wcFdNQmcxNEpMSzJqZDVHOUd1NzBIbGhRQzNIYXpISUx4amsvMC9tdVh2enJudVp4THNzWkdDQ0d4CkxmQ3MvZ2tVYnNxcEszVEpLcndWTDc4ek1HN0RJSFV4bG1xTFlWMUxadE9uc2szRUMrR1hwMXN1QUZPM2k3aUgKNjF3eGxQVFg4dWFoV0JQWm0yWXJOS25qMm9JaW9weUJOS2dYVTZES2cvc3IrVHlvazVRSTkyeTEyOTNWL1l0NApxQW9OU0g2Ti90Ti9VcHpjQUhndk1Ja21VMFUybVV6cGZaeG16dlRRS0RlejNIV2srSy9XdEdRZWhhWVNaVWxnCmZRWklBUldkbTRCRVZGZjhCdDRUci9lTkRObC9WVXJKZFdFbUNrU2NndG1yQWdNQkFBR2pRakJBTUE0R0ExVWQKRHdFQi93UUVBd0lDQkRBUEJnTlZIUk1CQWY4RUJUQURBUUgvTUIwR0ExVWREZ1FXQkJRTDlodTkwZjdxQitkOQpOSStPOEk5elIzdkJpakFOQmdrcWhraUc5dzBCQVFzRkFBT0NBUUVBU0RMcUZZSExOV2l5V2cybTFIbjU5MW1wCmI0WmJUTkptVXV2endLNG5VUmtXUnJONldCbVcxL1VpdGxQVFpzK3pReEVKQ2NFZ1hDRWFXeENXeUJZVU42NTMKdGhCcVBDWEJydHArZTNYNy84OTRzK0tEOUVXbHV4TWJDQW1YT3d1NUtmQjVEdStaMzUwVlgvRk5DYjIyMkIweQpCNmN1bFlWTWpDMm04eVc4OExyWkhNekhPdjRmL1NETlVZaDBmOWxUdTQ3dldKSDVWc2ZVc0NQRGtwUWVvc3VTCnNlZTJkcGEyL3c1bDRGU21jcStuMERHWEFRYjFwTDF3LzhraHlBMUZ2dy9iSkl2VnkzMHRlY29jcU5SdDV4TXoKdEd4Z3RBdnF2b2FFWEd5L1Q5d29aaFZBY3RYSW9kYmJPc0RpQkZObW1hTW5TOEg3S1gxSFdnZE5GOXM1QUE9PQotLS0tLUVORCBDRVJUSUZJQ0FURS0tLS0tCg==",
                "password": "",
                "username": ""
              }
            ],
            "master_authorized_networks_config": [],
            "master_version": "1.16.15-gke.4901",
            "min_master_version": null,
            "monitoring_service": "monitoring.googleapis.com/kubernetes",
            "name": "coastal-stone-gke",
            "network": "projects/coastal-stone/global/networks/default",
            "network_policy": [
              {
                "enabled": false,
                "provider": "PROVIDER_UNSPECIFIED"
              }
            ],
            "node_config": [],
            "node_locations": [
              "europe-west3-a",
              "europe-west3-b",
              "europe-west3-c"
            ],
            "node_pool": [],
            "node_version": "1.16.15-gke.4901",
            "operation": null,
            "pod_security_policy_config": [],
            "private_cluster_config": [],
            "project": "coastal-stone",
            "release_channel": [
              {
                "channel": "UNSPECIFIED"
              }
            ],
            "remove_default_node_pool": true,
            "resource_labels": null,
            "resource_usage_export_config": [],
            "self_link": "https://container.googleapis.com/v1beta1/projects/coastal-stone/locations/europe-west3/clusters/coastal-stone-gke",
            "services_ipv4_cidr": "10.3.240.0/20",
            "subnetwork": "projects/coastal-stone/regions/europe-west3/subnetworks/default",
            "timeouts": null,
            "vertical_pod_autoscaling": [],
            "workload_identity_config": []
          },
          "sensitive_attributes": [],
          "private": "eyJlMmJmYjczMC1lY2FhLTExZTYtOGY4OC0zNDM2M2JjN2M0YzAiOnsiY3JlYXRlIjoyNDAwMDAwMDAwMDAwLCJkZWxldGUiOjI0MDAwMDAwMDAwMDAsInJlYWQiOjI0MDAwMDAwMDAwMDAsInVwZGF0ZSI6MzYwMDAwMDAwMDAwMH0sInNjaGVtYV92ZXJzaW9uIjoiMSJ9"
        }
      ]
    },
    {
      "mode": "managed",
      "type": "google_container_node_pool",
      "name": "primary_nodes",
      "provider": "provider[\"registry.terraform.io/hashicorp/google\"]",
      "instances": [
        {
          "status": "tainted",
          "schema_version": 1,
          "attributes": {
            "autoscaling": [],
            "cluster": "coastal-stone-gke",
            "id": "projects/coastal-stone/locations/europe-west3/clusters/coastal-stone-gke/nodePools/coastal-stone-gke-node-pool",
            "initial_node_count": null,
            "instance_group_urls": null,
            "location": "europe-west3",
            "management": [
              {
                "auto_repair": true,
                "auto_upgrade": true
              }
            ],
            "max_pods_per_node": null,
            "name": "coastal-stone-gke-node-pool",
            "name_prefix": null,
            "node_config": [
              {
                "disk_size_gb": 30,
                "disk_type": "pd-standard",
                "guest_accelerator": [],
                "image_type": "",
                "labels": {
                  "env": "coastal-stone"
                },
                "local_ssd_count": 0,
                "machine_type": "n1-standard-4",
                "metadata": {
                  "disable-legacy-endpoints": "true"
                },
                "min_cpu_platform": "",
                "oauth_scopes": [
                  "https://www.googleapis.com/auth/cloud-platform",
                  "https://www.googleapis.com/auth/logging.write",
                  "https://www.googleapis.com/auth/monitoring"
                ],
                "preemptible": false,
                "service_account": "xflats-app@coastal-stone.iam.gserviceaccount.com",
                "shielded_instance_config": [],
                "tags": [
                  "gke-node",
                  "coastal-stone-gke"
                ],
                "taint": [],
                "workload_metadata_config": []
              }
            ],
            "node_count": 1,
            "node_locations": [],
            "project": null,
            "timeouts": null,
            "upgrade_settings": null,
            "version": null
          },
          "sensitive_attributes": [],
          "private": "eyJlMmJmYjczMC1lY2FhLTExZTYtOGY4OC0zNDM2M2JjN2M0YzAiOnsiY3JlYXRlIjoxODAwMDAwMDAwMDAwLCJkZWxldGUiOjE4MDAwMDAwMDAwMDAsInVwZGF0ZSI6MTgwMDAwMDAwMDAwMH0sInNjaGVtYV92ZXJzaW9uIjoiMSJ9",
          "dependencies": [
            "google_container_cluster.primary"
          ]
        }
      ]
    }
  ]
}
